
Microsoft Visual Studio Solution File, Format Version 12.00
# Visual Studio Version 17
VisualStudioVersion = 17.11.35312.102
MinimumVisualStudioVersion = 10.0.40219.1
Project("{9A19103F-16F7-4668-BE54-9A1E7A4F7556}") = "Sales Date Prediction", "Sales Date Prediction.csproj", "{A3776933-D51E-404A-B546-D940D6789E43}"
EndProject
Project("{9A19103F-16F7-4668-BE54-9A1E7A4F7556}") = "Sales.Services", "..\Sales.Services\Sales.Services.csproj", "{1D72E28D-EA0C-4DFD-954E-99236BF9CBAF}"
EndProject
Project("{9A19103F-16F7-4668-BE54-9A1E7A4F7556}") = "Sales.DataAccess", "..\Sales.Data\Sales.DataAccess.csproj", "{5DB75C8C-CB47-48F6-9DE5-CDBEE39273E9}"
EndProject
Project("{FAE04EC0-301F-11D3-BF4B-00C04F79EFBC}") = "SalesDate.Test", "..\SalesDate.Test\SalesDate.Test.csproj", "{5761E08C-BE4B-4F81-B156-27FC115610AD}"
EndProject
Global
	GlobalSection(SolutionConfigurationPlatforms) = preSolution
		Debug|Any CPU = Debug|Any CPU
		Release|Any CPU = Release|Any CPU
	EndGlobalSection
	GlobalSection(ProjectConfigurationPlatforms) = postSolution
		{A3776933-D51E-404A-B546-D940D6789E43}.Debug|Any CPU.ActiveCfg = Debug|Any CPU
		{A3776933-D51E-404A-B546-D940D6789E43}.Debug|Any CPU.Build.0 = Debug|Any CPU
		{A3776933-D51E-404A-B546-D940D6789E43}.Release|Any CPU.ActiveCfg = Release|Any CPU
		{A3776933-D51E-404A-B546-D940D6789E43}.Release|Any CPU.Build.0 = Release|Any CPU
		{1D72E28D-EA0C-4DFD-954E-99236BF9CBAF}.Debug|Any CPU.ActiveCfg = Debug|Any CPU
		{1D72E28D-EA0C-4DFD-954E-99236BF9CBAF}.Debug|Any CPU.Build.0 = Debug|Any CPU
		{1D72E28D-EA0C-4DFD-954E-99236BF9CBAF}.Release|Any CPU.ActiveCfg = Release|Any CPU
		{1D72E28D-EA0C-4DFD-954E-99236BF9CBAF}.Release|Any CPU.Build.0 = Release|Any CPU
		{5DB75C8C-CB47-48F6-9DE5-CDBEE39273E9}.Debug|Any CPU.ActiveCfg = Debug|Any CPU
		{5DB75C8C-CB47-48F6-9DE5-CDBEE39273E9}.Debug|Any CPU.Build.0 = Debug|Any CPU
		{5DB75C8C-CB47-48F6-9DE5-CDBEE39273E9}.Release|Any CPU.ActiveCfg = Release|Any CPU
		{5DB75C8C-CB47-48F6-9DE5-CDBEE39273E9}.Release|Any CPU.Build.0 = Release|Any CPU
		{5761E08C-BE4B-4F81-B156-27FC115610AD}.Debug|Any CPU.ActiveCfg = Debug|Any CPU
		{5761E08C-BE4B-4F81-B156-27FC115610AD}.Debug|Any CPU.Build.0 = Debug|Any CPU
		{5761E08C-BE4B-4F81-B156-27FC115610AD}.Release|Any CPU.ActiveCfg = Release|Any CPU
		{5761E08C-BE4B-4F81-B156-27FC115610AD}.Release|Any CPU.Build.0 = Release|Any CPU
	EndGlobalSection
	GlobalSection(SolutionProperties) = preSolution
		HideSolutionNode = FALSE
	EndGlobalSection
	GlobalSection(ExtensibilityGlobals) = postSolution
		SolutionGuid = {072209D5-401A-4E94-9A84-DF2B3D78E397}
	EndGlobalSection
EndGlobal
